apiVersion: vendir.k14s.io/v1alpha1
directories:
- contents:
  - githubRelease:
      tag: v1.26.0
      url: https://api.github.com/repos/kubernetes/kubernetes/releases/85515657
    path: kubernetes/kubectl
  - githubRelease:
      tag: v1.26.0+k3s1
      url: https://api.github.com/repos/k3s-io/k3s/releases/86719319
    path: k3s-io/k3s
  - githubRelease:
      tag: v0.27.4
      url: https://api.github.com/repos/derailed/k9s/releases/102132777
    path: derailed/k9s
  - githubRelease:
      tag: v1.3.1
      url: https://api.github.com/repos/containerd/nerdctl/releases/99499161
    path: containerd/nerdctl
  path: src/github.com
kind: LockConfig
